
Microsoft Visual Studio Solution File, Format Version 12.00
# Visual Studio Version 16
VisualStudioVersion = 16.0.31515.178
MinimumVisualStudioVersion = 10.0.40219.1
Project("{FAE04EC0-301F-11D3-BF4B-00C04F79EFBC}") = "ChatAppSample.Android", "ChatAppSample\ChatAppSample.Android\ChatAppSample.Android.csproj", "{7554A647-7118-445D-AAAE-7C575CE59C5C}"
EndProject
Project("{FAE04EC0-301F-11D3-BF4B-00C04F79EFBC}") = "ChatAppSample", "ChatAppSample\ChatAppSample\ChatAppSample.csproj", "{F05647EA-99A8-4969-9494-4BFE93550B06}"
EndProject
Global
	GlobalSection(SolutionConfigurationPlatforms) = preSolution
		Debug|Any CPU = Debug|Any CPU
		Release|Any CPU = Release|Any CPU
	EndGlobalSection
	GlobalSection(ProjectConfigurationPlatforms) = postSolution
		{7554A647-7118-445D-AAAE-7C575CE59C5C}.Debug|Any CPU.ActiveCfg = Debug|Any CPU
		{7554A647-7118-445D-AAAE-7C575CE59C5C}.Debug|Any CPU.Build.0 = Debug|Any CPU
		{7554A647-7118-445D-AAAE-7C575CE59C5C}.Debug|Any CPU.Deploy.0 = Debug|Any CPU
		{7554A647-7118-445D-AAAE-7C575CE59C5C}.Release|Any CPU.ActiveCfg = Release|Any CPU
		{7554A647-7118-445D-AAAE-7C575CE59C5C}.Release|Any CPU.Build.0 = Release|Any CPU
		{7554A647-7118-445D-AAAE-7C575CE59C5C}.Release|Any CPU.Deploy.0 = Release|Any CPU
		{F05647EA-99A8-4969-9494-4BFE93550B06}.Debug|Any CPU.ActiveCfg = Debug|Any CPU
		{F05647EA-99A8-4969-9494-4BFE93550B06}.Debug|Any CPU.Build.0 = Debug|Any CPU
		{F05647EA-99A8-4969-9494-4BFE93550B06}.Debug|Any CPU.Deploy.0 = Debug|Any CPU
		{F05647EA-99A8-4969-9494-4BFE93550B06}.Release|Any CPU.ActiveCfg = Release|Any CPU
		{F05647EA-99A8-4969-9494-4BFE93550B06}.Release|Any CPU.Build.0 = Release|Any CPU
		{F05647EA-99A8-4969-9494-4BFE93550B06}.Release|Any CPU.Deploy.0 = Release|Any CPU
	EndGlobalSection
	GlobalSection(SolutionProperties) = preSolution
		HideSolutionNode = FALSE
	EndGlobalSection
	GlobalSection(ExtensibilityGlobals) = postSolution
		SolutionGuid = {E093C107-91E6-4266-92B6-21FAFDE17B9B}
	EndGlobalSection
EndGlobal
